
Microsoft Visual Studio Solution File, Format Version 12.00
# Visual Studio Version 16
VisualStudioVersion = 16.0.30128.74
MinimumVisualStudioVersion = 10.0.40219.1
Project("{9A19103F-16F7-4668-BE54-9A1E7A4F7556}") = "ChatBeet", "ChatBeet.Server\ChatBeet.csproj", "{F32866D2-C2D4-47E8-B1E6-27C510A264AB}"
EndProject
Global
	GlobalSection(SolutionConfigurationPlatforms) = preSolution
		Debug|Any CPU = Debug|Any CPU
		Release|Any CPU = Release|Any CPU
	EndGlobalSection
	GlobalSection(ProjectConfigurationPlatforms) = postSolution
		{F32866D2-C2D4-47E8-B1E6-27C510A264AB}.Debug|Any CPU.ActiveCfg = Debug|Any CPU
		{F32866D2-C2D4-47E8-B1E6-27C510A264AB}.Debug|Any CPU.Build.0 = Debug|Any CPU
		{F32866D2-C2D4-47E8-B1E6-27C510A264AB}.Release|Any CPU.ActiveCfg = Release|Any CPU
		{F32866D2-C2D4-47E8-B1E6-27C510A264AB}.Release|Any CPU.Build.0 = Release|Any CPU
	EndGlobalSection
	GlobalSection(SolutionProperties) = preSolution
		HideSolutionNode = FALSE
	EndGlobalSection
	GlobalSection(ExtensibilityGlobals) = postSolution
		SolutionGuid = {D029F477-3E59-4881-8658-C0D612332035}
	EndGlobalSection
EndGlobal
